{
  "name": "pauls-pantry-backend",
  "version": "1.0.0",
  "lockfileVersion": 3,
  "requires": true,
  "packages": {
    "": {
      "name": "pauls-pantry-backend",
      "version": "1.0.0",
      "license": "MIT",
      "dependencies": {
        "@anthropic-ai/sdk": "^0.24.2",
        "@sendgrid/mail": "^7.7.0",
        "cors": "^2.8.5",
        "express": "^4.18.2",
        "node-cron": "^3.0.2",
        "node-html-parser": "^6.1.5",
        "pg": "^8.16.3"
      },
      "engines": {
        "node": ">=18.0.0"
      }
    },
    "node_modules/@anthropic-ai/sdk": {
      "version": "0.24.3",
      "resolved": "https://registry.npmjs.org/@anthropic-ai/sdk/-/sdk-0.24.3.tgz",
      "integrity": "sha512-2+7K+A1X+Dj8FPl8hJyLySpQBKi7AdrLW8Sg6Yvz3/qy7VwQOb5v9aQvZDp8TJ9T9YqNGJ6A3FdPVYQgX+Jjw=="
    },
    "node_modules/@sendgrid/mail": {
      "version": "7.7.0",
      "resolved": "https://registry.npmjs.org/@sendgrid/mail/-/mail-7.7.0.tgz",
      "integrity": "sha512-W6+pWKaQABZtQmN7DIQGZSGYsb4D+tgwx7vvTRF4XSwLLp1kM8U+Zv5KY+gAhvLe5Y7r9yPZ1Qj3J7v1YeNg=="
    },
    "node_modules/cors": {
      "version": "2.8.5",
      "resolved": "https://registry.npmjs.org/cors/-/cors-2.8.5.tgz",
      "integrity": "sha512-KiKglLlBMhvpFq3r5v5qJo7GoBGpq2gObSwJF6MnIKg8vZqKHcgOKWG1b8xIy4OKKHuZM1NMl3g9t5q8aP4Q=="
    },
    "node_modules/express": {
      "version": "4.21.2",
      "resolved": "https://registry.npmjs.org/express/-/express-4.21.2.tgz",
      "integrity": "sha512-qhjNxGOjSqKd5q4QlJKjfAzuLUIe7h3LjGJ5o3gJhSANJ1j2G3d/+dqJ8M7KKl8IfxFBtfRfGjq+WQTGrOowg=="
    },
    "node_modules/node-cron": {
      "version": "3.0.3",
      "resolved": "https://registry.npmjs.org/node-cron/-/node-cron-3.0.3.tgz",
      "integrity": "sha512-dOal5KkGbgDFgNnQJaFMdDCVtOdpK4xOLcq3GF72V2seWU+xCGjxl3TnHHF5bGJ5fQ+t7BdKcLb6e7Q2z2+xQ=="
    },
    "node_modules/node-html-parser": {
      "version": "6.1.13",
      "resolved": "https://registry.npmjs.org/node-html-parser/-/node-html-parser-6.1.13.tgz",
      "integrity": "sha512-9jVR8TjlV5MXXf1vRjcpAT7j4dOv8IrWnWdJ8nEL7z9kFKjJwRkgTW0MjQWl5B+e1u3L+LDGdv8CXrtGZgw2w=="
    },
    "node_modules/pg": {
      "version": "8.16.3",
      "resolved": "https://registry.npmjs.org/pg/-/pg-8.16.3.tgz",
      "integrity": "sha512-oD9BwDEGZ6bCqJr6vHJPLKJJvEfHkJR2O4YPJR7z0QsYLO8qr9qOgS5jJx4Z1N0EaWFCwzJOZlQr8W+vLhDBQ=="
    }
  }
}
