{
  "name": "pauls-pantry-backend",
  "version": "1.0.0",
  "lockfileVersion": 3,
  "requires": true,
  "packages": {
    "": {
      "name": "pauls-pantry-backend",
      "version": "1.0.0",
      "dependencies": {
        "@anthropic-ai/sdk": "^0.24.2",
        "@sendgrid/mail": "^7.7.0",
        "cors": "^2.8.5",
        "express": "^4.18.2",
        "node-cron": "^3.0.2",
        "node-html-parser": "^6.1.5",
        "pg": "^8.11.0"
      }
    }
  }
}
