{
  "name": "pauls-pantry-backend",
  "version": "1.0.0",
  "lockfileVersion": 3,
  "requires": true,
  "packages": {
    "": {
      "name": "pauls-pantry-backend",
      "version": "1.0.0",
      "dependencies": {
        "@anthropic-ai/sdk": "^0.24.2",
        "@sendgrid/mail": "^7.7.0",
        "cors": "^2.8.5",
        "express": "^4.18.2",
        "node-cron": "^3.0.2",
        "node-html-parser": "^6.1.5",
        "pg": "^8.11.0"
      },
      "engines": {
        "node": ">=18.0.0"
      }
    },
    "node_modules/@anthropic-ai/sdk": {
      "version": "0.24.3",
      "resolved": "https://registry.npmjs.org/@anthropic-ai/sdk/-/sdk-0.24.3.tgz",
      "integrity": "sha512-2+7K+A1X+Dj8FPl8hJyLySpQBKi7AdrLW8Sg6Yvz3/qy7VwQOb5v9aQvZDp8TJ9T9YqNGJ6A3FdPVYQgX+Jjw==",
      "dependencies": {
        "@types/node": "^18.15.0",
        "@types/node-fetch": "^2.6.4",
        "abort-controller": "^3.0.0",
        "agentkeepalive": "^4.2.1",
        "form-data-encoder": "1.7.2",
        "formdata-node": "^4.3.2",
        "node-fetch": "^2.6.7",
        "web-streams-polyfill": "^3.2.1"
      }
    },
    "node_modules/@sendgrid/mail": {
      "version": "7.7.0",
      "resolved": "https://registry.npmjs.org/@sendgrid/mail/-/mail-7.7.0.tgz",
      "integrity": "sha512-W6+pWKaQABZtQmN7DIQGZSGYsb4D+tgwx7vvTRF4XSwLLp1kM8U+Zv5KY+gAhvLe5Y7r9yPZ1Qj3J7v1YeNg==",
      "dependencies": {
        "@sendgrid/client": "^7.7.0",
        "@sendgrid/helpers": "^7.7.0"
      }
    },
    "node_modules/cors": {
      "version": "2.8.5",
      "resolved": "https://registry.npmjs.org/cors/-/cors-2.8.5.tgz",
      "integrity": "sha512-KiKglLlBMhvpFq3r5v5qJo7GoBGpq2gObSwJF6MnIKg8vZqKHcgOKWG1b8xIy4OKKHuZM1NMl3g9t5q8aP4Q==",
      "dependencies": {
        "object-assign": "^4",
        "vary": "^1"
      }
    },
    "node_modules/express": {
      "version": "4.21.2",
      "resolved": "https://registry.npmjs.org/express/-/express-4.21.2.tgz",
      "integrity": "sha512-qhjNxGOjSqKd5q4QlJKjfAzuLUIe7h3LjGJ5o3gJhSANJ1j2G3d/+dqJ8M7KKl8IfxFBtfRfGjq+WQTGrOowg==",
      "dependencies": {
        "accepts": "~1.3.8",
        "array-flatten": "1.1.1",
        "body-parser": "1.20.3",
        "content-disposition": "0.5.4",
        "content-type": "~1.0.4",
        "cookie": "0.7.1",
        "cookie-signature": "1.0.6",
        "debug": "2.6.9",
        "depd": "2.0.0",
        "encodeurl": "~2.0.0",
        "escape-html": "~1.0.3",
        "etag": "~1.8.1",
        "finalhandler": "1.3.1",
        "fresh": "0.5.2",
        "http-errors": "2.0.0",
        "merge-descriptors": "1.0.3",
        "methods": "~1.1.2",
        "on-finished": "2.4.1",
        "parseurl": "~1.3.3",
        "path-to-regexp": "0.1.12",
        "proxy-addr": "~2.0.7",
        "qs": "6.13.0",
        "range-parser": "~1.2.1",
        "safe-buffer": "5.2.1",
        "send": "0.19.0",
        "serve-static": "1.16.2",
        "setprototypeof": "1.2.0",
        "statuses": "2.0.1",
        "type-is": "~1.6.18",
        "utils-merge": "1.0.1",
        "vary": "~1.1.2"
      }
    },
    "node_modules/node-cron": {
      "version": "3.0.3",
      "resolved": "https://registry.npmjs.org/node-cron/-/node-cron-3.0.3.tgz",
      "integrity": "sha512-dOal5KkGbgDFgNnQJaFMdDCVtOdpK4xOLcq3GF72V2seWU+xCGjxl3TnHHF5bGJ5fQ+t7BdKcLb6e7Q2z2+xQ==",
      "dependencies": {
        "uuid": "8.3.2"
      }
    },
    "node_modules/node-html-parser": {
      "version": "6.1.13",
      "resolved": "https://registry.npmjs.org/node-html-parser/-/node-html-parser-6.1.13.tgz",
      "integrity": "sha512-9jVR8TjlV5MXXf1vRjcpAT7j4dOv8IrWnWdJ8nEL7z9kFKjJwRkgTW0MjQWl5B+e1u3L+LDGdv8CXrtGZgw2w==",
      "dependencies": {
        "css-select": "^5.1.0",
        "he": "1.2.0"
      }
    },
    "node_modules/pg": {
      "version": "8.16.3",
      "resolved": "https://registry.npmjs.org/pg/-/pg-8.16.3.tgz",
      "integrity": "sha512-oD9BwDEGZ6bCqJr6vHJPLKJJvEfHkJR2O4YPJR7z0QsYLO8qr9qOgS5jJx4Z1N0EaWFCwzJOZlQr8W+vLhDBQ==",
      "dependencies": {
        "pg-connection-string": "^2.9.1",
        "pg-pool": "^3.10.1",
        "pg-protocol": "^1.10.3",
        "pg-types": "^2.1.0",
        "pgpass": "1.x"
      }
    },
    "node_modules/@types/node": {
      "version": "18.19.119",
      "resolved": "https://registry.npmjs.org/@types/node/-/node-18.19.119.tgz",
      "integrity": "sha512-Kx8bUBR5qfQ5v7E3/fmKXnYKNJ3dVOLM+j2I7yTK8LBaEKiJQ5NkfKbkTi5JOQgVzMCUMpAWsF1dqInwCg6xg==",
      "dependencies": {
        "undici-types": "~5.26.4"
      }
    },
    "node_modules/undici-types": {
      "version": "5.26.5",
      "resolved": "https://registry.npmjs.org/undici-types/-/undici-types-5.26.5.tgz",
      "integrity": "sha512-JlCMO+ehdEIKqlFxk6IfVoAUVmgz7cU7zD/h9XZ0qzeosSHmUJVOzSQvvYSYWXkFXC+IfLKSIffhv0sVZup6pA=="
    },
    "node_modules/uuid": {
      "version": "8.3.2",
      "resolved": "https://registry.npmjs.org/uuid/-/uuid-8.3.2.tgz",
      "integrity": "sha512-+NYs2QeMWy+GWFOEm9xnn6HCDp0l7QBD7ml8zLUmJ+93Q5NF0NocErnwkTkXVFNiX3/fpC6afS8Dhb/gz7R7eg=="
    },
    "node_modules/he": {
      "version": "1.2.0",
      "resolved": "https://registry.npmjs.org/he/-/he-1.2.0.tgz",
      "integrity": "sha512-F/1DnUGPopORZi0ni+CvrCgHQ5FyEAHRLSApuYWMmrbSwoN2Mn/7k+Gl38gJnR7yyDZk6WLXwiGod1JOWNDKGw=="
    }
  }
}
